
Microsoft Visual Studio Solution File, Format Version 12.00
# Visual Studio Version 17
VisualStudioVersion = 17.8.34525.116
MinimumVisualStudioVersion = 10.0.40219.1
Project("{FAE04EC0-301F-11D3-BF4B-00C04F79EFBC}") = "Assignment2", "Assignment2\Assignment2.csproj", "{662C1C97-0C5C-49D9-82C0-E676DB099ED2}"
EndProject
Global
	GlobalSection(SolutionConfigurationPlatforms) = preSolution
		Debug|Any CPU = Debug|Any CPU
		Release|Any CPU = Release|Any CPU
	EndGlobalSection
	GlobalSection(ProjectConfigurationPlatforms) = postSolution
		{662C1C97-0C5C-49D9-82C0-E676DB099ED2}.Debug|Any CPU.ActiveCfg = Debug|Any CPU
		{662C1C97-0C5C-49D9-82C0-E676DB099ED2}.Debug|Any CPU.Build.0 = Debug|Any CPU
		{662C1C97-0C5C-49D9-82C0-E676DB099ED2}.Release|Any CPU.ActiveCfg = Release|Any CPU
		{662C1C97-0C5C-49D9-82C0-E676DB099ED2}.Release|Any CPU.Build.0 = Release|Any CPU
	EndGlobalSection
	GlobalSection(SolutionProperties) = preSolution
		HideSolutionNode = FALSE
	EndGlobalSection
	GlobalSection(ExtensibilityGlobals) = postSolution
		SolutionGuid = {97EDBAEC-00B5-4D5E-9EC4-3E96F1D412CA}
	EndGlobalSection
EndGlobal
