
Microsoft Visual Studio Solution File, Format Version 12.00
# Visual Studio Version 17
VisualStudioVersion = 17.9.34714.143
MinimumVisualStudioVersion = 10.0.40219.1
Project("{FAE04EC0-301F-11D3-BF4B-00C04F79EFBC}") = "Cumulative1", "Cumulative1\Cumulative1.csproj", "{656D85D2-B645-47FF-9D9A-76C659E526BD}"
EndProject
Global
	GlobalSection(SolutionConfigurationPlatforms) = preSolution
		Debug|Any CPU = Debug|Any CPU
		Release|Any CPU = Release|Any CPU
	EndGlobalSection
	GlobalSection(ProjectConfigurationPlatforms) = postSolution
		{656D85D2-B645-47FF-9D9A-76C659E526BD}.Debug|Any CPU.ActiveCfg = Debug|Any CPU
		{656D85D2-B645-47FF-9D9A-76C659E526BD}.Debug|Any CPU.Build.0 = Debug|Any CPU
		{656D85D2-B645-47FF-9D9A-76C659E526BD}.Release|Any CPU.ActiveCfg = Release|Any CPU
		{656D85D2-B645-47FF-9D9A-76C659E526BD}.Release|Any CPU.Build.0 = Release|Any CPU
	EndGlobalSection
	GlobalSection(SolutionProperties) = preSolution
		HideSolutionNode = FALSE
	EndGlobalSection
	GlobalSection(ExtensibilityGlobals) = postSolution
		SolutionGuid = {019B5EA8-05C8-4620-9506-5E713710FD06}
	EndGlobalSection
EndGlobal
